
Microsoft Visual Studio Solution File, Format Version 12.00
# Visual Studio Version 16
VisualStudioVersion = 16.0.808.4
MinimumVisualStudioVersion = 10.0.40219.1
Project("{FAE04EC0-301F-11D3-BF4B-00C04F79EFBC}") = "Application", "Application.csproj", "{5ECE6077-8C3B-448F-9ED2-2D359A1EFD20}"
EndProject
Global
	GlobalSection(SolutionConfigurationPlatforms) = preSolution
		Debug|Any CPU = Debug|Any CPU
		Release|Any CPU = Release|Any CPU
	EndGlobalSection
	GlobalSection(ProjectConfigurationPlatforms) = postSolution
		{5ECE6077-8C3B-448F-9ED2-2D359A1EFD20}.Debug|Any CPU.ActiveCfg = Debug|Any CPU
		{5ECE6077-8C3B-448F-9ED2-2D359A1EFD20}.Debug|Any CPU.Build.0 = Debug|Any CPU
		{5ECE6077-8C3B-448F-9ED2-2D359A1EFD20}.Release|Any CPU.ActiveCfg = Release|Any CPU
		{5ECE6077-8C3B-448F-9ED2-2D359A1EFD20}.Release|Any CPU.Build.0 = Release|Any CPU
	EndGlobalSection
	GlobalSection(SolutionProperties) = preSolution
		HideSolutionNode = FALSE
	EndGlobalSection
	GlobalSection(ExtensibilityGlobals) = postSolution
		SolutionGuid = {06EA51A5-669B-4B7C-9A6C-7644DD9F3A2E}
	EndGlobalSection
EndGlobal
